
Microsoft Visual Studio Solution File, Format Version 12.00
# Visual Studio 12
Project("{FAE04EC0-301F-11D3-BF4B-00C04F79EFBC}") = "Debugging", "Debugging.csproj", "{f1b3406a-4e1c-4376-92a4-179ae9fbccff}"
EndProject
Global
	GlobalSection(TextTemplating) = postSolution
		TextTemplating = 1
	EndGlobalSection
	GlobalSection(SolutionConfigurationPlatforms) = preSolution
		Debug|Any CPU = Debug|Any CPU
		Release|Any CPU = Release|Any CPU
	EndGlobalSection
	GlobalSection(ProjectConfigurationPlatforms) = postSolution
		{f1b3406a-4e1c-4376-92a4-179ae9fbccff}.Debug|Any CPU.ActiveCfg = Debug|Any CPU
		{f1b3406a-4e1c-4376-92a4-179ae9fbccff}.Debug|Any CPU.Build.0 = Debug|Any CPU
		{f1b3406a-4e1c-4376-92a4-179ae9fbccff}.Release|Any CPU.ActiveCfg = Release|Any CPU
		{f1b3406a-4e1c-4376-92a4-179ae9fbccff}.Release|Any CPU.Build.0 = Release|Any CPU
	EndGlobalSection
	GlobalSection(SolutionProperties) = preSolution
		HideSolutionNode = FALSE
	EndGlobalSection
EndGlobal
